<?xml version="1.0" encoding="utf-8"?>
<Project ToolsVersion="4.0" xmlns="http://schemas.microsoft.com/developer/msbuild/2003">
  <ItemGroup>
    <Filter Include="Source Files">
      <UniqueIdentifier>{4FC737F1-C7A5-4376-A066-2A32D752A2FF}</UniqueIdentifier>
      <Extensions>cpp;c;cc;cxx;c++;cppm;ixx;def;odl;idl;hpj;bat;asm;asmx</Extensions>
    </Filter>
    <Filter Include="Header Files">
      <UniqueIdentifier>{93995380-89BD-4b04-88EB-625FBE52EBFB}</UniqueIdentifier>
      <Extensions>h;hh;hpp;hxx;h++;hm;inl;inc;ipp;xsd</Extensions>
    </Filter>
    <Filter Include="Scripts">
      <UniqueIdentifier>{84f18c52-38af-4d26-bb4d-df5a5a49a4ac}</UniqueIdentifier>
    </Filter>
    <Filter Include="Scripts\Resource Files">
      <UniqueIdentifier>{67DA6AB6-F800-4c08-8B7A-83BB121AAD01}</UniqueIdentifier>
      <Extensions>rc;ico;cur;bmp;dlg;rc2;rct;bin;rgs;gif;jpg;jpeg;jpe;resx;tiff;tif;png;wav;mfcribbon-ms</Extensions>
    </Filter>
    <Filter Include="Scripts\Resource Files\Macro">
      <UniqueIdentifier>{c7adb973-100a-4650-a8ad-e0ebfd998db6}</UniqueIdentifier>
    </Filter>
    <Filter Include="Scripts\Resource Files\Animation">
      <UniqueIdentifier>{5bd8555b-95ca-4567-a7a6-f054675c9f82}</UniqueIdentifier>
    </Filter>
    <Filter Include="Scripts\Resource Files\FileStream">
      <UniqueIdentifier>{535e2f98-c23d-4fd8-b84e-f86f000bdeb9}</UniqueIdentifier>
    </Filter>
    <Filter Include="Scripts\Resource Files\Random">
      <UniqueIdentifier>{9b49e1c4-3992-4e42-83f8-f67b769c0855}</UniqueIdentifier>
    </Filter>
    <Filter Include="Scripts\Resource Files\Render">
      <UniqueIdentifier>{248de229-d1ec-4298-a52e-c1cdce10232b}</UniqueIdentifier>
    </Filter>
    <Filter Include="Scripts\Resource Files\Render\Emoji">
      <UniqueIdentifier>{458eedef-34dd-4fcf-a4bd-956774b1c067}</UniqueIdentifier>
    </Filter>
    <Filter Include="Scripts\Resource Files\Render\Color">
      <UniqueIdentifier>{b7c6b438-83ae-4d0d-b06d-43dff8f67eb4}</UniqueIdentifier>
    </Filter>
    <Filter Include="Scripts\Components">
      <UniqueIdentifier>{e2332a27-ce60-4b67-8826-4ffc06123aa2}</UniqueIdentifier>
    </Filter>
    <Filter Include="Scripts\Game">
      <UniqueIdentifier>{425a7fdf-2783-4dcc-88cf-6d64313d3f75}</UniqueIdentifier>
    </Filter>
    <Filter Include="Scripts\Level">
      <UniqueIdentifier>{5a433826-9ad3-4eba-89f2-6f56fb12e1d3}</UniqueIdentifier>
    </Filter>
    <Filter Include="Scripts\Menus">
      <UniqueIdentifier>{b7cba7ae-722a-4d3b-bee9-00895a17c054}</UniqueIdentifier>
    </Filter>
    <Filter Include="Scripts\Entities">
      <UniqueIdentifier>{24184491-663a-4c72-bb3c-f98c1127ba29}</UniqueIdentifier>
    </Filter>
    <Filter Include="Scripts\Game\Input">
      <UniqueIdentifier>{671645c2-45a3-41c7-b55a-3d55c9b243ad}</UniqueIdentifier>
    </Filter>
    <Filter Include="Scripts\Level\Cursor">
      <UniqueIdentifier>{1b15e77c-5cc3-4611-beac-fa0bf9baf0ed}</UniqueIdentifier>
    </Filter>
    <Filter Include="Scripts\Level\Tile">
      <UniqueIdentifier>{affd9a36-ca2b-4853-b7f3-0696be307cb4}</UniqueIdentifier>
    </Filter>
    <Filter Include="Scripts\Level\Files">
      <UniqueIdentifier>{3bd2d8e5-da98-4a20-9234-27ec2083b0ed}</UniqueIdentifier>
    </Filter>
    <Filter Include="Scripts\Level\Coordinates">
      <UniqueIdentifier>{29319d8c-7a14-48ba-827c-d35f917eaacd}</UniqueIdentifier>
    </Filter>
    <Filter Include="Scripts\Level\Size">
      <UniqueIdentifier>{c995203d-f3cc-44e3-a7d3-a787e0c80e53}</UniqueIdentifier>
    </Filter>
    <Filter Include="Scripts\Level\Save">
      <UniqueIdentifier>{4f6f0e1a-5442-40ba-9098-4aa30ddd68c4}</UniqueIdentifier>
    </Filter>
    <Filter Include="Scripts\Managers">
      <UniqueIdentifier>{f4e4fc96-c1ab-4bed-8a38-a92dec5a1a80}</UniqueIdentifier>
    </Filter>
    <Filter Include="Scripts\Managers\Singleton">
      <UniqueIdentifier>{bbf9c2cb-cef0-43ee-a867-317db0a093dc}</UniqueIdentifier>
    </Filter>
    <Filter Include="Scripts\Resource Files\Astar">
      <UniqueIdentifier>{6cdf1ded-762a-4f7b-b437-f83605bbe77b}</UniqueIdentifier>
    </Filter>
    <Filter Include="Scripts\Managers\Input">
      <UniqueIdentifier>{1126ad1c-ea6f-4519-ab4e-336cabc65bfc}</UniqueIdentifier>
    </Filter>
  </ItemGroup>
  <ItemGroup>
    <ClCompile Include="Macro.cpp">
      <Filter>Scripts\Resource Files\Macro</Filter>
    </ClCompile>
    <ClCompile Include="MainMenu.cpp">
      <Filter>Scripts\Menus</Filter>
    </ClCompile>
    <ClCompile Include="Menu.cpp">
      <Filter>Scripts\Menus</Filter>
    </ClCompile>
    <ClCompile Include="Dwarf.cpp">
      <Filter>Scripts\Entities</Filter>
    </ClCompile>
    <ClCompile Include="Entity.cpp">
      <Filter>Scripts\Entities</Filter>
    </ClCompile>
    <ClCompile Include="Level.cpp">
      <Filter>Scripts\Level</Filter>
    </ClCompile>
    <ClCompile Include="Component.cpp">
      <Filter>Scripts\Components</Filter>
    </ClCompile>
    <ClCompile Include="MovementComponent.cpp">
      <Filter>Scripts\Components</Filter>
    </ClCompile>
    <ClCompile Include="VideoMenu.cpp">
      <Filter>Scripts\Menus</Filter>
    </ClCompile>
    <ClCompile Include="StartMenu.cpp">
      <Filter>Scripts\Menus</Filter>
    </ClCompile>
    <ClCompile Include="OptionsMenu.cpp">
      <Filter>Scripts\Menus</Filter>
    </ClCompile>
    <ClCompile Include="ControlsMenu.cpp">
      <Filter>Scripts\Menus</Filter>
    </ClCompile>
    <ClCompile Include="AudioMenu.cpp">
      <Filter>Scripts\Menus</Filter>
    </ClCompile>
    <ClCompile Include="Animation.cpp">
      <Filter>Scripts\Resource Files\Animation</Filter>
    </ClCompile>
    <ClCompile Include="Main.cpp">
      <Filter>Scripts\Game</Filter>
    </ClCompile>
    <ClCompile Include="Game.cpp">
      <Filter>Scripts\Game</Filter>
    </ClCompile>
    <ClCompile Include="FileStream.cpp">
      <Filter>Scripts\Resource Files\FileStream</Filter>
    </ClCompile>
    <ClCompile Include="Color.cpp">
      <Filter>Scripts\Resource Files\Render\Color</Filter>
    </ClCompile>
    <ClCompile Include="Singleton.cpp">
      <Filter>Scripts\Managers\Singleton</Filter>
    </ClCompile>
    <ClCompile Include="Cursor.cpp">
      <Filter>Scripts\Level\Cursor</Filter>
    </ClCompile>
    <ClCompile Include="InputManager.cpp">
      <Filter>Scripts\Managers\Input</Filter>
    </ClCompile>
    <ClCompile Include="Tile.cpp">
      <Filter>Scripts\Level\Tile</Filter>
    </ClCompile>
  </ItemGroup>
  <ItemGroup>
    <ClInclude Include="CoreMinimal.h">
      <Filter>Scripts\Resource Files</Filter>
    </ClInclude>
    <ClInclude Include="Macro.h">
      <Filter>Scripts\Resource Files\Macro</Filter>
    </ClInclude>
    <ClInclude Include="MainMenu.h">
      <Filter>Scripts\Menus</Filter>
    </ClInclude>
    <ClInclude Include="Menu.h">
      <Filter>Scripts\Menus</Filter>
    </ClInclude>
    <ClInclude Include="Dwarf.h">
      <Filter>Scripts\Entities</Filter>
    </ClInclude>
    <ClInclude Include="Entity.h">
      <Filter>Scripts\Entities</Filter>
    </ClInclude>
    <ClInclude Include="Level.h">
      <Filter>Scripts\Level</Filter>
    </ClInclude>
    <ClInclude Include="MovementComponent.h">
      <Filter>Scripts\Components</Filter>
    </ClInclude>
    <ClInclude Include="Component.h">
      <Filter>Scripts\Components</Filter>
    </ClInclude>
    <ClInclude Include="OptionsMenu.h">
      <Filter>Scripts\Menus</Filter>
    </ClInclude>
    <ClInclude Include="ControlsMenu.h">
      <Filter>Scripts\Menus</Filter>
    </ClInclude>
    <ClInclude Include="AudioMenu.h">
      <Filter>Scripts\Menus</Filter>
    </ClInclude>
    <ClInclude Include="VideoMenu.h">
      <Filter>Scripts\Menus</Filter>
    </ClInclude>
    <ClInclude Include="StartMenu.h">
      <Filter>Scripts\Menus</Filter>
    </ClInclude>
    <ClInclude Include="Animation.h">
      <Filter>Scripts\Resource Files\Animation</Filter>
    </ClInclude>
    <ClInclude Include="Main.h">
      <Filter>Scripts\Game</Filter>
    </ClInclude>
    <ClInclude Include="Game.h">
      <Filter>Scripts\Game</Filter>
    </ClInclude>
    <ClInclude Include="FileStream.h">
      <Filter>Scripts\Resource Files\FileStream</Filter>
    </ClInclude>
    <ClInclude Include="Color.h">
      <Filter>Scripts\Resource Files\Render\Color</Filter>
    </ClInclude>
    <ClInclude Include="Random.h">
      <Filter>Scripts\Resource Files\Random</Filter>
    </ClInclude>
    <ClInclude Include="Emoji.h">
      <Filter>Scripts\Resource Files\Render\Emoji</Filter>
    </ClInclude>
    <ClInclude Include="Save.h">
      <Filter>Scripts\Level\Save</Filter>
    </ClInclude>
    <ClInclude Include="Singleton.h">
      <Filter>Scripts\Managers\Singleton</Filter>
    </ClInclude>
    <ClInclude Include="Cursor.h">
      <Filter>Scripts\Level\Cursor</Filter>
    </ClInclude>
    <ClInclude Include="Node.h">
      <Filter>Scripts\Resource Files\Astar</Filter>
    </ClInclude>
    <ClInclude Include="AstarAlgo.h">
      <Filter>Scripts\Resource Files\Astar</Filter>
    </ClInclude>
    <ClInclude Include="InputManager.h">
      <Filter>Scripts\Managers\Input</Filter>
    </ClInclude>
    <ClInclude Include="Tile.h">
      <Filter>Scripts\Level\Tile</Filter>
    </ClInclude>
    <ClInclude Include="Size.h">
      <Filter>Scripts\Level\Size</Filter>
    </ClInclude>
    <ClInclude Include="Coordinates.h">
      <Filter>Scripts\Level\Coordinates</Filter>
    </ClInclude>
  </ItemGroup>
  <ItemGroup>
    <Text Include="Assets\Levels\MainLevel.txt">
      <Filter>Scripts\Level</Filter>
    </Text>
  </ItemGroup>
</Project>