<?xml version="1.0" encoding="utf-8"?>
<Project ToolsVersion="4.0" xmlns="http://schemas.microsoft.com/developer/msbuild/2003">
  <ItemGroup>
    <Filter Include="Source Files">
      <UniqueIdentifier>{4FC737F1-C7A5-4376-A066-2A32D752A2FF}</UniqueIdentifier>
      <Extensions>cpp;c;cc;cxx;c++;cppm;ixx;def;odl;idl;hpj;bat;asm;asmx</Extensions>
    </Filter>
    <Filter Include="Header Files">
      <UniqueIdentifier>{93995380-89BD-4b04-88EB-625FBE52EBFB}</UniqueIdentifier>
      <Extensions>h;hh;hpp;hxx;h++;hm;inl;inc;ipp;xsd</Extensions>
    </Filter>
    <Filter Include="Resource Files">
      <UniqueIdentifier>{67DA6AB6-F800-4c08-8B7A-83BB121AAD01}</UniqueIdentifier>
      <Extensions>rc;ico;cur;bmp;dlg;rc2;rct;bin;rgs;gif;jpg;jpeg;jpe;resx;tiff;tif;png;wav;mfcribbon-ms</Extensions>
    </Filter>
    <Filter Include="Resource Files\Macro">
      <UniqueIdentifier>{c7adb973-100a-4650-a8ad-e0ebfd998db6}</UniqueIdentifier>
    </Filter>
    <Filter Include="Game">
      <UniqueIdentifier>{192fcbd0-efbc-424b-8e4e-651ddb6e26a7}</UniqueIdentifier>
    </Filter>
    <Filter Include="Resource Files\Color">
      <UniqueIdentifier>{a0790e91-b991-4b02-97d8-ed3b031a14e8}</UniqueIdentifier>
    </Filter>
    <Filter Include="Resource Files\Color">
      <UniqueIdentifier>{fbaac54f-3eb7-4cf4-8ce3-8340ecaab82b}</UniqueIdentifier>
    </Filter>
    <Filter Include="Resource Files\FileStream">
      <UniqueIdentifier>{f3e32fa2-023a-4c3f-9036-d0253ee11df8}</UniqueIdentifier>
    </Filter>
    <Filter Include="Resource Files\Levels">
      <UniqueIdentifier>{ea2922b4-1088-4db9-92e1-bf6c64b6fcbc}</UniqueIdentifier>
    </Filter>
    <Filter Include="Menu">
      <UniqueIdentifier>{f785320d-6212-483e-b46c-7e71b36db9cc}</UniqueIdentifier>
    </Filter>
    <Filter Include="Entities">
      <UniqueIdentifier>{42f00de8-fa79-4d44-9102-d642fc3ef10e}</UniqueIdentifier>
    </Filter>
    <Filter Include="Entities\Component">
      <UniqueIdentifier>{4466096d-16bd-41f4-bc6a-96a674141d89}</UniqueIdentifier>
    </Filter>
  </ItemGroup>
  <ItemGroup>
    <ClCompile Include="Main.cpp">
      <Filter>Source Files</Filter>
    </ClCompile>
    <ClCompile Include="Cursor.cpp">
      <Filter>Source Files</Filter>
    </ClCompile>
    <ClCompile Include="Color.cpp">
      <Filter>Resource Files\Color</Filter>
    </ClCompile>
    <ClCompile Include="Game.cpp">
      <Filter>Source Files</Filter>
    </ClCompile>
    <ClCompile Include="FileStream.cpp">
      <Filter>Resource Files\FileStream</Filter>
    </ClCompile>
    <ClCompile Include="Color.cpp">
      <Filter>Resource Files\Color</Filter>
    </ClCompile>
    <ClCompile Include="Animation.cpp">
      <Filter>Source Files</Filter>
    </ClCompile>
    <ClCompile Include="Bar.cpp">
      <Filter>Source Files</Filter>
    </ClCompile>
    <ClCompile Include="GameInput.cpp">
      <Filter>Source Files</Filter>
    </ClCompile>
    <ClCompile Include="Level.cpp">
      <Filter>Source Files</Filter>
    </ClCompile>
    <ClCompile Include="Macro.cpp">
      <Filter>Source Files</Filter>
    </ClCompile>
    <ClCompile Include="Menu.cpp">
      <Filter>Source Files</Filter>
    </ClCompile>
    <ClCompile Include="Tile.cpp">
      <Filter>Source Files</Filter>
    </ClCompile>
    <ClCompile Include="AudioMenu.cpp">
      <Filter>Menu</Filter>
    </ClCompile>
    <ClCompile Include="ControlsMenu.cpp">
      <Filter>Menu</Filter>
    </ClCompile>
    <ClCompile Include="MainMenu.cpp">
      <Filter>Menu</Filter>
    </ClCompile>
    <ClCompile Include="OptionsMenu.cpp">
      <Filter>Menu</Filter>
    </ClCompile>
    <ClCompile Include="SelectGameMenu.cpp">
      <Filter>Menu</Filter>
    </ClCompile>
    <ClCompile Include="StartMenu.cpp">
      <Filter>Menu</Filter>
    </ClCompile>
    <ClCompile Include="VideoMenu.cpp">
      <Filter>Menu</Filter>
    </ClCompile>
    <ClCompile Include="Entity.cpp">
      <Filter>Entities</Filter>
    </ClCompile>
    <ClCompile Include="Dwarf.cpp">
      <Filter>Entities</Filter>
    </ClCompile>
    <ClCompile Include="Component.cpp">
      <Filter>Source Files</Filter>
    </ClCompile>
    <ClCompile Include="Menu.cpp">
      <Filter>Source Files</Filter>
    </ClCompile>
    <ClCompile Include="SelectGameMenu.cpp">
      <Filter>Source Files</Filter>
    </ClCompile>
    <ClCompile Include="StartMenu.cpp">
      <Filter>Source Files</Filter>
    </ClCompile>
    <ClCompile Include="MovementComponent.cpp">
      <Filter>Entities\Component</Filter>
    </ClCompile>
  </ItemGroup>
  <ItemGroup>
    <ClInclude Include="CoreMinimal.h">
      <Filter>Resource Files</Filter>
    </ClInclude>
    <ClInclude Include="Main.h">
      <Filter>Source Files</Filter>
    </ClInclude>
    <ClInclude Include="Cursor.h">
      <Filter>Header Files</Filter>
    </ClInclude>
    <ClInclude Include="Coordinates.h">
      <Filter>Header Files</Filter>
    </ClInclude>
    <ClInclude Include="Random.h">
      <Filter>Resource Files</Filter>
    </ClInclude>
    <ClInclude Include="Animation.h">
      <Filter>Header Files</Filter>
    </ClInclude>
    <ClInclude Include="Level.h">
      <Filter>Header Files</Filter>
    </ClInclude>
    <ClInclude Include="Size.h">
      <Filter>Header Files</Filter>
    </ClInclude>
    <ClInclude Include="Game.h">
      <Filter>Header Files</Filter>
    </ClInclude>
    <ClInclude Include="Emoji.h">
      <Filter>Resource Files</Filter>
    </ClInclude>
    <ClInclude Include="Macro.h">
      <Filter>Resource Files\Macro</Filter>
    </ClInclude>
    <ClInclude Include="FileStream.h">
      <Filter>Resource Files\FileStream</Filter>
    </ClInclude>
    <ClInclude Include="Color.h">
      <Filter>Resource Files\Color</Filter>
    </ClInclude>
    <ClInclude Include="AudioMenu.h">
      <Filter>Header Files</Filter>
    </ClInclude>
    <ClInclude Include="Bar.h">
      <Filter>Header Files</Filter>
    </ClInclude>
    <ClInclude Include="GameInput.h">
      <Filter>Header Files</Filter>
    </ClInclude>
    <ClInclude Include="Tile.h">
      <Filter>Header Files</Filter>
    </ClInclude>
    <ClInclude Include="ControlsMenu.h">
      <Filter>Menu</Filter>
    </ClInclude>
    <ClInclude Include="MainMenu.h">
      <Filter>Menu</Filter>
    </ClInclude>
    <ClInclude Include="Menu.h">
      <Filter>Menu</Filter>
    </ClInclude>
    <ClInclude Include="OptionsMenu.h">
      <Filter>Menu</Filter>
    </ClInclude>
    <ClInclude Include="SelectGameMenu.h">
      <Filter>Menu</Filter>
    </ClInclude>
    <ClInclude Include="StartMenu.h">
      <Filter>Menu</Filter>
    </ClInclude>
    <ClInclude Include="VideoMenu.h">
      <Filter>Menu</Filter>
    </ClInclude>
    <ClInclude Include="Dwarf.h">
      <Filter>Entities</Filter>
    </ClInclude>
    <ClInclude Include="Entity.h">
      <Filter>Entities</Filter>
    </ClInclude>
    <ClInclude Include="Component.h">
      <Filter>Header Files</Filter>
    </ClInclude>
    <ClInclude Include="MovementComponent.h">
      <Filter>Entities\Component</Filter>
    </ClInclude>
  </ItemGroup>
  <ItemGroup>
    <Text Include="Assets\Levels\MainLevel.txt">
      <Filter>Resource Files\Levels</Filter>
    </Text>
  </ItemGroup>
</Project>