<?xml version="1.0" encoding="utf-8"?>
<Project ToolsVersion="4.0" xmlns="http://schemas.microsoft.com/developer/msbuild/2003">
  <ItemGroup>
    <Filter Include="Source Files">
      <UniqueIdentifier>{4FC737F1-C7A5-4376-A066-2A32D752A2FF}</UniqueIdentifier>
      <Extensions>cpp;c;cc;cxx;c++;cppm;ixx;def;odl;idl;hpj;bat;asm;asmx</Extensions>
    </Filter>
    <Filter Include="Header Files">
      <UniqueIdentifier>{93995380-89BD-4b04-88EB-625FBE52EBFB}</UniqueIdentifier>
      <Extensions>h;hh;hpp;hxx;h++;hm;inl;inc;ipp;xsd</Extensions>
    </Filter>
    <Filter Include="Resource Files">
      <UniqueIdentifier>{67DA6AB6-F800-4c08-8B7A-83BB121AAD01}</UniqueIdentifier>
      <Extensions>rc;ico;cur;bmp;dlg;rc2;rct;bin;rgs;gif;jpg;jpeg;jpe;resx;tiff;tif;png;wav;mfcribbon-ms</Extensions>
    </Filter>
    <Filter Include="Resource Files\Macro">
      <UniqueIdentifier>{c7adb973-100a-4650-a8ad-e0ebfd998db6}</UniqueIdentifier>
    </Filter>
    <Filter Include="Game">
      <UniqueIdentifier>{192fcbd0-efbc-424b-8e4e-651ddb6e26a7}</UniqueIdentifier>
    </Filter>
    <Filter Include="Resource Files\Color">
      <UniqueIdentifier>{a0790e91-b991-4b02-97d8-ed3b031a14e8}</UniqueIdentifier>
    </Filter>
    <Filter Include="Entities\Components">
      <UniqueIdentifier>{e2332a27-ce60-4b67-8826-4ffc06123aa2}</UniqueIdentifier>
    </Filter>
    <Filter Include="Menus\MainMenu">
      <UniqueIdentifier>{f69b6b01-b28b-4b26-9635-4aebbaa29321}</UniqueIdentifier>
    </Filter>
    <Filter Include="Menus\Menu">
      <UniqueIdentifier>{6ddc0382-541a-42a7-bcd0-163876d494a6}</UniqueIdentifier>
    </Filter>
    <Filter Include="Menus\AudioMenu">
      <UniqueIdentifier>{46e436c0-aa7a-4ece-bec5-92857a0b73df}</UniqueIdentifier>
    </Filter>
    <Filter Include="Menus\ControlsMenu">
      <UniqueIdentifier>{4e13e621-3b4d-4fb1-b60b-940d2867cb7a}</UniqueIdentifier>
    </Filter>
    <Filter Include="Menus\OptionsMenu">
      <UniqueIdentifier>{d1fdab7f-9282-4aaf-813d-7efd081eaaba}</UniqueIdentifier>
    </Filter>
    <Filter Include="Menus\SelectGameMenu">
      <UniqueIdentifier>{c834b524-cfcb-43ef-a231-ff9d470fd46d}</UniqueIdentifier>
    </Filter>
    <Filter Include="Menus\StartMenu">
      <UniqueIdentifier>{64db09bd-bcc3-409c-801d-101a775204c2}</UniqueIdentifier>
    </Filter>
    <Filter Include="Menus\VideoMenu">
      <UniqueIdentifier>{cb37fa69-50c4-49c3-b509-a019f9c85671}</UniqueIdentifier>
    </Filter>
    <Filter Include="Entities\Components\Component">
      <UniqueIdentifier>{157d8074-ab56-485c-aaaa-49b3b480abff}</UniqueIdentifier>
    </Filter>
    <Filter Include="Entities\Components\MouvementComponent">
      <UniqueIdentifier>{a76060ac-7dfb-496d-aee2-327d43da7113}</UniqueIdentifier>
    </Filter>
    <Filter Include="Entities\Dwarf">
      <UniqueIdentifier>{abd11be3-8ba8-4705-b890-658d35104780}</UniqueIdentifier>
    </Filter>
    <Filter Include="Entities\Entity">
      <UniqueIdentifier>{da9df584-ec1c-4ff9-bd2b-b26349488a93}</UniqueIdentifier>
    </Filter>
    <Filter Include="Resource Files\Color">
      <UniqueIdentifier>{fbaac54f-3eb7-4cf4-8ce3-8340ecaab82b}</UniqueIdentifier>
    </Filter>
    <Filter Include="Resource Files\FileStream">
      <UniqueIdentifier>{f3e32fa2-023a-4c3f-9036-d0253ee11df8}</UniqueIdentifier>
    </Filter>
    <Filter Include="Resource Files\Levels">
      <UniqueIdentifier>{ea2922b4-1088-4db9-92e1-bf6c64b6fcbc}</UniqueIdentifier>
    </Filter>
  </ItemGroup>
  <ItemGroup>
    <ClCompile Include="Main.cpp">
      <Filter>Source Files</Filter>
    </ClCompile>
    <ClCompile Include="Cursor.cpp">
      <Filter>Source Files</Filter>
    </ClCompile>
    <ClCompile Include="Menu.cpp">
      <Filter>Game\Menus</Filter>
    </ClCompile>
    <ClCompile Include="Color.cpp">
      <Filter>Resource Files\Color</Filter>
    </ClCompile>
    <ClCompile Include="Game.cpp">
      <Filter>Source Files</Filter>
    </ClCompile>
    <ClCompile Include="Tile.cpp">
      <Filter>Game\Map\Level\Tile</Filter>
    </ClCompile>
    <ClCompile Include="MainMenu.cpp">
      <Filter>Menus\MainMenu</Filter>
    </ClCompile>
    <ClCompile Include="Menu.cpp">
      <Filter>Menus\Menu</Filter>
    </ClCompile>
    <ClCompile Include="AudioMenu.cpp">
      <Filter>Menus\AudioMenu</Filter>
    </ClCompile>
    <ClCompile Include="ControlsMenu.cpp">
      <Filter>Menus\ControlsMenu</Filter>
    </ClCompile>
    <ClCompile Include="OptionsMenu.cpp">
      <Filter>Menus\OptionsMenu</Filter>
    </ClCompile>
    <ClCompile Include="SelectGameMenu.cpp">
      <Filter>Menus\SelectGameMenu</Filter>
    </ClCompile>
    <ClCompile Include="StartMenu.cpp">
      <Filter>Menus\StartMenu</Filter>
    </ClCompile>
    <ClCompile Include="SelectGameMenu.cpp">
      <Filter>Game\Menus</Filter>
    </ClCompile>
    <ClCompile Include="StartMenu.cpp">
      <Filter>Game\Menus</Filter>
    </ClCompile>
    <ClCompile Include="VideoMenu.cpp">
      <Filter>Menus\VideoMenu</Filter>
    </ClCompile>
    <ClCompile Include="Component.cpp">
      <Filter>Entities\Components\Component</Filter>
    </ClCompile>
    <ClCompile Include="MovementComponent.cpp">
      <Filter>Entities\Components\MouvementComponent</Filter>
    </ClCompile>
    <ClCompile Include="Dwarf.cpp">
      <Filter>Entities\Dwarf</Filter>
    </ClCompile>
    <ClCompile Include="Entity.cpp">
      <Filter>Entities\Entity</Filter>
    </ClCompile>
    <ClCompile Include="FileStream.cpp">
      <Filter>Resource Files\FileStream</Filter>
    </ClCompile>
    <ClCompile Include="Color.cpp">
      <Filter>Resource Files\Color</Filter>
    </ClCompile>
  </ItemGroup>
  <ItemGroup>
    <ClInclude Include="CoreMinimal.h">
      <Filter>Resource Files</Filter>
    </ClInclude>
    <ClInclude Include="Main.h">
      <Filter>Source Files</Filter>
    </ClInclude>
    <ClInclude Include="Cursor.h">
      <Filter>Header Files</Filter>
    </ClInclude>
    <ClInclude Include="Coordinates.h">
      <Filter>Header Files</Filter>
    </ClInclude>
    <ClInclude Include="Random.h">
      <Filter>Resource Files</Filter>
    </ClInclude>
    <ClInclude Include="Animation.h">
      <Filter>Header Files</Filter>
    </ClInclude>
    <ClInclude Include="Level.h">
      <Filter>Header Files</Filter>
    </ClInclude>
    <ClInclude Include="Size.h">
      <Filter>Header Files</Filter>
    </ClInclude>
    <ClInclude Include="Game.h">
      <Filter>Header Files</Filter>
    </ClInclude>
    <ClInclude Include="Emoji.h">
      <Filter>Resource Files</Filter>
    </ClInclude>
    <ClInclude Include="Macro.h">
      <Filter>Resource Files\Macro</Filter>
    </ClInclude>
    <ClInclude Include="MainMenu.h">
      <Filter>Menus\MainMenu</Filter>
    </ClInclude>
    <ClInclude Include="Menu.h">
      <Filter>Menus\Menu</Filter>
    </ClInclude>
    <ClInclude Include="AudioMenu.h">
      <Filter>Menus\AudioMenu</Filter>
    </ClInclude>
    <ClInclude Include="ControlsMenu.h">
      <Filter>Menus\ControlsMenu</Filter>
    </ClInclude>
    <ClInclude Include="OptionsMenu.h">
      <Filter>Menus\OptionsMenu</Filter>
    </ClInclude>
    <ClInclude Include="SelectGameMenu.h">
      <Filter>Menus\SelectGameMenu</Filter>
    </ClInclude>
    <ClInclude Include="StartMenu.h">
      <Filter>Menus\StartMenu</Filter>
    </ClInclude>
    <ClInclude Include="VideoMenu.h">
      <Filter>Menus\VideoMenu</Filter>
    </ClInclude>
    <ClInclude Include="Component.h">
      <Filter>Entities\Components\Component</Filter>
    </ClInclude>
    <ClInclude Include="MovementComponent.h">
      <Filter>Entities\Components\MouvementComponent</Filter>
    </ClInclude>
    <ClInclude Include="Dwarf.h">
      <Filter>Entities\Dwarf</Filter>
    </ClInclude>
    <ClInclude Include="Entity.h">
      <Filter>Entities\Entity</Filter>
    </ClInclude>
    <ClInclude Include="FileStream.h">
      <Filter>Resource Files\FileStream</Filter>
    </ClInclude>
    <ClInclude Include="Color.h">
      <Filter>Resource Files\Color</Filter>
    </ClInclude>
  </ItemGroup>
  <ItemGroup>
    <Text Include="Assets\Levels\MainLevel.txt">
      <Filter>Resource Files\Levels</Filter>
    </Text>
  </ItemGroup>
</Project>